
Microsoft Visual Studio Solution File, Format Version 12.00
# Visual Studio Version 16
VisualStudioVersion = 16.0.29920.165
MinimumVisualStudioVersion = 10.0.40219.1
Project("{FAE04EC0-301F-11D3-BF4B-00C04F79EFBC}") = "Moex", "Moex.csproj", "{F09D8A85-3D00-438E-A274-DCAB2E22969F}"
EndProject
Project("{9A19103F-16F7-4668-BE54-9A1E7A4F7556}") = "MoexIssAPI", "MoexIssAPI\src\MoexIssAPI\MoexIssAPI.csproj", "{BF400A4B-4C7F-41FF-B71C-5F420BB78746}"
EndProject
Global
	GlobalSection(SolutionConfigurationPlatforms) = preSolution
		Debug|Any CPU = Debug|Any CPU
		Release|Any CPU = Release|Any CPU
	EndGlobalSection
	GlobalSection(ProjectConfigurationPlatforms) = postSolution
		{F09D8A85-3D00-438E-A274-DCAB2E22969F}.Debug|Any CPU.ActiveCfg = Debug|Any CPU
		{F09D8A85-3D00-438E-A274-DCAB2E22969F}.Debug|Any CPU.Build.0 = Debug|Any CPU
		{F09D8A85-3D00-438E-A274-DCAB2E22969F}.Release|Any CPU.ActiveCfg = Release|Any CPU
		{F09D8A85-3D00-438E-A274-DCAB2E22969F}.Release|Any CPU.Build.0 = Release|Any CPU
		{BF400A4B-4C7F-41FF-B71C-5F420BB78746}.Debug|Any CPU.ActiveCfg = Debug|Any CPU
		{BF400A4B-4C7F-41FF-B71C-5F420BB78746}.Debug|Any CPU.Build.0 = Debug|Any CPU
		{BF400A4B-4C7F-41FF-B71C-5F420BB78746}.Release|Any CPU.ActiveCfg = Release|Any CPU
		{BF400A4B-4C7F-41FF-B71C-5F420BB78746}.Release|Any CPU.Build.0 = Release|Any CPU
	EndGlobalSection
	GlobalSection(SolutionProperties) = preSolution
		HideSolutionNode = FALSE
	EndGlobalSection
	GlobalSection(ExtensibilityGlobals) = postSolution
		SolutionGuid = {61F687B0-2157-4CB8-930B-43DF03CA77CD}
	EndGlobalSection
EndGlobal
